
Microsoft Visual Studio Solution File, Format Version 12.00
# Visual Studio Version 17
VisualStudioVersion = 17.4.33213.308
MinimumVisualStudioVersion = 10.0.40219.1
Project("{FAE04EC0-301F-11D3-BF4B-00C04F79EFBC}") = "net7-benchmark-logging", "net7-benchmark-logging\net7-benchmark-logging.csproj", "{C509DBAE-3B70-4E8F-B5B0-C921FDB475FF}"
EndProject
Global
	GlobalSection(SolutionConfigurationPlatforms) = preSolution
		Debug|Any CPU = Debug|Any CPU
		Release|Any CPU = Release|Any CPU
	EndGlobalSection
	GlobalSection(ProjectConfigurationPlatforms) = postSolution
		{C509DBAE-3B70-4E8F-B5B0-C921FDB475FF}.Debug|Any CPU.ActiveCfg = Debug|Any CPU
		{C509DBAE-3B70-4E8F-B5B0-C921FDB475FF}.Debug|Any CPU.Build.0 = Debug|Any CPU
		{C509DBAE-3B70-4E8F-B5B0-C921FDB475FF}.Release|Any CPU.ActiveCfg = Release|Any CPU
		{C509DBAE-3B70-4E8F-B5B0-C921FDB475FF}.Release|Any CPU.Build.0 = Release|Any CPU
	EndGlobalSection
	GlobalSection(SolutionProperties) = preSolution
		HideSolutionNode = FALSE
	EndGlobalSection
	GlobalSection(ExtensibilityGlobals) = postSolution
		SolutionGuid = {4B7D78EA-119B-4326-AC0B-B2DFB8934BC3}
	EndGlobalSection
EndGlobal
